// !$*UTF8*$!
{
	archiveVersion = 1;
	classes = {
	};
	objectVersion = 56;
	objects = {

/* Begin PBXBuildFile section */
		290B93752B0910E900140913 /* LoginView.swift in Sources */ = {isa = PBXBuildFile; fileRef = 290B93742B0910E900140913 /* LoginView.swift */; };
		290B93782B09ACAA00140913 /* Alamofire in Frameworks */ = {isa = PBXBuildFile; productRef = 290B93772B09ACAA00140913 /* Alamofire */; };
		290B937E2B09AF2A00140913 /* LoginRequest.swift in Sources */ = {isa = PBXBuildFile; fileRef = 290B937D2B09AF2A00140913 /* LoginRequest.swift */; };
		290B93812B0A237D00140913 /* LoginResponse.swift in Sources */ = {isa = PBXBuildFile; fileRef = 290B93802B0A237D00140913 /* LoginResponse.swift */; };
		290B93832B0A26D300140913 /* LoginViewModel.swift in Sources */ = {isa = PBXBuildFile; fileRef = 290B93822B0A26D300140913 /* LoginViewModel.swift */; };
		290B93892B0B848D00140913 /* Constants.swift in Sources */ = {isa = PBXBuildFile; fileRef = 290B93882B0B848D00140913 /* Constants.swift */; };
		2913B9DA2AC8473F00D5D098 /* Learning_iOSApp.swift in Sources */ = {isa = PBXBuildFile; fileRef = 2913B9D92AC8473F00D5D098 /* Learning_iOSApp.swift */; };
		2913B9DC2AC8473F00D5D098 /* ContentView.swift in Sources */ = {isa = PBXBuildFile; fileRef = 2913B9DB2AC8473F00D5D098 /* ContentView.swift */; };
		2913B9DE2AC8474200D5D098 /* Assets.xcassets in Resources */ = {isa = PBXBuildFile; fileRef = 2913B9DD2AC8474200D5D098 /* Assets.xcassets */; };
		2913B9E12AC8474200D5D098 /* Preview Assets.xcassets in Resources */ = {isa = PBXBuildFile; fileRef = 2913B9E02AC8474200D5D098 /* Preview Assets.xcassets */; };
		2913B9EB2AC8474200D5D098 /* Learning_iOSTests.swift in Sources */ = {isa = PBXBuildFile; fileRef = 2913B9EA2AC8474200D5D098 /* Learning_iOSTests.swift */; };
		2913B9F52AC8474200D5D098 /* Learning_iOSUITests.swift in Sources */ = {isa = PBXBuildFile; fileRef = 2913B9F42AC8474200D5D098 /* Learning_iOSUITests.swift */; };
		2913B9F72AC8474200D5D098 /* Learning_iOSUITestsLaunchTests.swift in Sources */ = {isa = PBXBuildFile; fileRef = 2913B9F62AC8474200D5D098 /* Learning_iOSUITestsLaunchTests.swift */; };
		2913BA042AC9979300D5D098 /* ListView.swift in Sources */ = {isa = PBXBuildFile; fileRef = 2913BA032AC9979300D5D098 /* ListView.swift */; };
/* End PBXBuildFile section */

/* Begin PBXContainerItemProxy section */
		2913B9E72AC8474200D5D098 /* PBXContainerItemProxy */ = {
			isa = PBXContainerItemProxy;
			containerPortal = 2913B9CE2AC8473F00D5D098 /* Project object */;
			proxyType = 1;
			remoteGlobalIDString = 2913B9D52AC8473F00D5D098;
			remoteInfo = Learning_iOS;
		};
		2913B9F12AC8474200D5D098 /* PBXContainerItemProxy */ = {
			isa = PBXContainerItemProxy;
			containerPortal = 2913B9CE2AC8473F00D5D098 /* Project object */;
			proxyType = 1;
			remoteGlobalIDString = 2913B9D52AC8473F00D5D098;
			remoteInfo = Learning_iOS;
		};
/* End PBXContainerItemProxy section */

/* Begin PBXFileReference section */
		290B93742B0910E900140913 /* LoginView.swift */ = {isa = PBXFileReference; lastKnownFileType = sourcecode.swift; path = LoginView.swift; sourceTree = "<group>"; };
		290B937D2B09AF2A00140913 /* LoginRequest.swift */ = {isa = PBXFileReference; lastKnownFileType = sourcecode.swift; path = LoginRequest.swift; sourceTree = "<group>"; };
		290B93802B0A237D00140913 /* LoginResponse.swift */ = {isa = PBXFileReference; lastKnownFileType = sourcecode.swift; path = LoginResponse.swift; sourceTree = "<group>"; };
		290B93822B0A26D300140913 /* LoginViewModel.swift */ = {isa = PBXFileReference; lastKnownFileType = sourcecode.swift; path = LoginViewModel.swift; sourceTree = "<group>"; };
		290B93882B0B848D00140913 /* Constants.swift */ = {isa = PBXFileReference; lastKnownFileType = sourcecode.swift; path = Constants.swift; sourceTree = "<group>"; };
		2913B9D62AC8473F00D5D098 /* Learning_iOS.app */ = {isa = PBXFileReference; explicitFileType = wrapper.application; includeInIndex = 0; path = Learning_iOS.app; sourceTree = BUILT_PRODUCTS_DIR; };
		2913B9D92AC8473F00D5D098 /* Learning_iOSApp.swift */ = {isa = PBXFileReference; lastKnownFileType = sourcecode.swift; path = Learning_iOSApp.swift; sourceTree = "<group>"; };
		2913B9DB2AC8473F00D5D098 /* ContentView.swift */ = {isa = PBXFileReference; lastKnownFileType = sourcecode.swift; path = ContentView.swift; sourceTree = "<group>"; };
		2913B9DD2AC8474200D5D098 /* Assets.xcassets */ = {isa = PBXFileReference; lastKnownFileType = folder.assetcatalog; path = Assets.xcassets; sourceTree = "<group>"; };
		2913B9E02AC8474200D5D098 /* Preview Assets.xcassets */ = {isa = PBXFileReference; lastKnownFileType = folder.assetcatalog; path = "Preview Assets.xcassets"; sourceTree = "<group>"; };
		2913B9E62AC8474200D5D098 /* Learning_iOSTests.xctest */ = {isa = PBXFileReference; explicitFileType = wrapper.cfbundle; includeInIndex = 0; path = Learning_iOSTests.xctest; sourceTree = BUILT_PRODUCTS_DIR; };
		2913B9EA2AC8474200D5D098 /* Learning_iOSTests.swift */ = {isa = PBXFileReference; lastKnownFileType = sourcecode.swift; path = Learning_iOSTests.swift; sourceTree = "<group>"; };
		2913B9F02AC8474200D5D098 /* Learning_iOSUITests.xctest */ = {isa = PBXFileReference; explicitFileType = wrapper.cfbundle; includeInIndex = 0; path = Learning_iOSUITests.xctest; sourceTree = BUILT_PRODUCTS_DIR; };
		2913B9F42AC8474200D5D098 /* Learning_iOSUITests.swift */ = {isa = PBXFileReference; lastKnownFileType = sourcecode.swift; path = Learning_iOSUITests.swift; sourceTree = "<group>"; };
		2913B9F62AC8474200D5D098 /* Learning_iOSUITestsLaunchTests.swift */ = {isa = PBXFileReference; lastKnownFileType = sourcecode.swift; path = Learning_iOSUITestsLaunchTests.swift; sourceTree = "<group>"; };
		2913BA032AC9979300D5D098 /* ListView.swift */ = {isa = PBXFileReference; lastKnownFileType = sourcecode.swift; path = ListView.swift; sourceTree = "<group>"; };
/* End PBXFileReference section */

/* Begin PBXFrameworksBuildPhase section */
		2913B9D32AC8473F00D5D098 /* Frameworks */ = {
			isa = PBXFrameworksBuildPhase;
			buildActionMask = 2147483647;
			files = (
				290B93782B09ACAA00140913 /* Alamofire in Frameworks */,
			);
			runOnlyForDeploymentPostprocessing = 0;
		};
		2913B9E32AC8474200D5D098 /* Frameworks */ = {
			isa = PBXFrameworksBuildPhase;
			buildActionMask = 2147483647;
			files = (
			);
			runOnlyForDeploymentPostprocessing = 0;
		};
		2913B9ED2AC8474200D5D098 /* Frameworks */ = {
			isa = PBXFrameworksBuildPhase;
			buildActionMask = 2147483647;
			files = (
			);
			runOnlyForDeploymentPostprocessing = 0;
		};
/* End PBXFrameworksBuildPhase section */

/* Begin PBXGroup section */
		290B93722B0910D000140913 /* Flick_Test */ = {
			isa = PBXGroup;
			children = (
				290B938C2B0B854100140913 /* Feature */,
				290B938A2B0B84EE00140913 /* Service */,
			);
			path = Flick_Test;
			sourceTree = "<group>";
		};
		290B93732B0910DC00140913 /* Login */ = {
			isa = PBXGroup;
			children = (
				290B93742B0910E900140913 /* LoginView.swift */,
				290B93822B0A26D300140913 /* LoginViewModel.swift */,
			);
			path = Login;
			sourceTree = "<group>";
		};
		290B937C2B09AF1D00140913 /* Data */ = {
			isa = PBXGroup;
			children = (
				290B937D2B09AF2A00140913 /* LoginRequest.swift */,
				290B93802B0A237D00140913 /* LoginResponse.swift */,
			);
			path = Data;
			sourceTree = "<group>";
		};
		290B93872B0B847C00140913 /* Configuration */ = {
			isa = PBXGroup;
			children = (
			);
			path = Configuration;
			sourceTree = "<group>";
		};
		290B938A2B0B84EE00140913 /* Service */ = {
			isa = PBXGroup;
			children = (
				290B938B2B0B851100140913 /* Router */,
				290B937C2B09AF1D00140913 /* Data */,
				290B93872B0B847C00140913 /* Configuration */,
			);
			path = Service;
			sourceTree = "<group>";
		};
		290B938B2B0B851100140913 /* Router */ = {
			isa = PBXGroup;
			children = (
			);
			path = Router;
			sourceTree = "<group>";
		};
		290B938C2B0B854100140913 /* Feature */ = {
			isa = PBXGroup;
			children = (
				290B93732B0910DC00140913 /* Login */,
			);
			path = Feature;
			sourceTree = "<group>";
		};
		2913B9CD2AC8473F00D5D098 = {
			isa = PBXGroup;
			children = (
				2913B9D82AC8473F00D5D098 /* Learning_iOS */,
				2913B9E92AC8474200D5D098 /* Learning_iOSTests */,
				2913B9F32AC8474200D5D098 /* Learning_iOSUITests */,
				2913B9D72AC8473F00D5D098 /* Products */,
			);
			sourceTree = "<group>";
		};
		2913B9D72AC8473F00D5D098 /* Products */ = {
			isa = PBXGroup;
			children = (
				2913B9D62AC8473F00D5D098 /* Learning_iOS.app */,
				2913B9E62AC8474200D5D098 /* Learning_iOSTests.xctest */,
				2913B9F02AC8474200D5D098 /* Learning_iOSUITests.xctest */,
			);
			name = Products;
			sourceTree = "<group>";
		};
		2913B9D82AC8473F00D5D098 /* Learning_iOS */ = {
			isa = PBXGroup;
			children = (
				290B93722B0910D000140913 /* Flick_Test */,
				290B93882B0B848D00140913 /* Constants.swift */,
				2913B9D92AC8473F00D5D098 /* Learning_iOSApp.swift */,
				2913B9DB2AC8473F00D5D098 /* ContentView.swift */,
				2913B9DD2AC8474200D5D098 /* Assets.xcassets */,
				2913B9DF2AC8474200D5D098 /* Preview Content */,
				2913BA032AC9979300D5D098 /* ListView.swift */,
			);
			path = Learning_iOS;
			sourceTree = "<group>";
		};
		2913B9DF2AC8474200D5D098 /* Preview Content */ = {
			isa = PBXGroup;
			children = (
				2913B9E02AC8474200D5D098 /* Preview Assets.xcassets */,
			);
			path = "Preview Content";
			sourceTree = "<group>";
		};
		2913B9E92AC8474200D5D098 /* Learning_iOSTests */ = {
			isa = PBXGroup;
			children = (
				2913B9EA2AC8474200D5D098 /* Learning_iOSTests.swift */,
			);
			path = Learning_iOSTests;
			sourceTree = "<group>";
		};
		2913B9F32AC8474200D5D098 /* Learning_iOSUITests */ = {
			isa = PBXGroup;
			children = (
				2913B9F42AC8474200D5D098 /* Learning_iOSUITests.swift */,
				2913B9F62AC8474200D5D098 /* Learning_iOSUITestsLaunchTests.swift */,
			);
			path = Learning_iOSUITests;
			sourceTree = "<group>";
		};
/* End PBXGroup section */

/* Begin PBXNativeTarget section */
		2913B9D52AC8473F00D5D098 /* Learning_iOS */ = {
			isa = PBXNativeTarget;
			buildConfigurationList = 2913B9FA2AC8474200D5D098 /* Build configuration list for PBXNativeTarget "Learning_iOS" */;
			buildPhases = (
				2913B9D22AC8473F00D5D098 /* Sources */,
				2913B9D32AC8473F00D5D098 /* Frameworks */,
				2913B9D42AC8473F00D5D098 /* Resources */,
			);
			buildRules = (
			);
			dependencies = (
			);
			name = Learning_iOS;
			packageProductDependencies = (
				290B93772B09ACAA00140913 /* Alamofire */,
			);
			productName = Learning_iOS;
			productReference = 2913B9D62AC8473F00D5D098 /* Learning_iOS.app */;
			productType = "com.apple.product-type.application";
		};
		2913B9E52AC8474200D5D098 /* Learning_iOSTests */ = {
			isa = PBXNativeTarget;
			buildConfigurationList = 2913B9FD2AC8474200D5D098 /* Build configuration list for PBXNativeTarget "Learning_iOSTests" */;
			buildPhases = (
				2913B9E22AC8474200D5D098 /* Sources */,
				2913B9E32AC8474200D5D098 /* Frameworks */,
				2913B9E42AC8474200D5D098 /* Resources */,
			);
			buildRules = (
			);
			dependencies = (
				2913B9E82AC8474200D5D098 /* PBXTargetDependency */,
			);
			name = Learning_iOSTests;
			productName = Learning_iOSTests;
			productReference = 2913B9E62AC8474200D5D098 /* Learning_iOSTests.xctest */;
			productType = "com.apple.product-type.bundle.unit-test";
		};
		2913B9EF2AC8474200D5D098 /* Learning_iOSUITests */ = {
			isa = PBXNativeTarget;
			buildConfigurationList = 2913BA002AC8474200D5D098 /* Build configuration list for PBXNativeTarget "Learning_iOSUITests" */;
			buildPhases = (
				2913B9EC2AC8474200D5D098 /* Sources */,
				2913B9ED2AC8474200D5D098 /* Frameworks */,
				2913B9EE2AC8474200D5D098 /* Resources */,
			);
			buildRules = (
			);
			dependencies = (
				2913B9F22AC8474200D5D098 /* PBXTargetDependency */,
			);
			name = Learning_iOSUITests;
			productName = Learning_iOSUITests;
			productReference = 2913B9F02AC8474200D5D098 /* Learning_iOSUITests.xctest */;
			productType = "com.apple.product-type.bundle.ui-testing";
		};
/* End PBXNativeTarget section */

/* Begin PBXProject section */
		2913B9CE2AC8473F00D5D098 /* Project object */ = {
			isa = PBXProject;
			attributes = {
				BuildIndependentTargetsInParallel = 1;
				LastSwiftUpdateCheck = 1500;
				LastUpgradeCheck = 1500;
				TargetAttributes = {
					2913B9D52AC8473F00D5D098 = {
						CreatedOnToolsVersion = 15.0;
					};
					2913B9E52AC8474200D5D098 = {
						CreatedOnToolsVersion = 15.0;
						TestTargetID = 2913B9D52AC8473F00D5D098;
					};
					2913B9EF2AC8474200D5D098 = {
						CreatedOnToolsVersion = 15.0;
						TestTargetID = 2913B9D52AC8473F00D5D098;
					};
				};
			};
			buildConfigurationList = 2913B9D12AC8473F00D5D098 /* Build configuration list for PBXProject "Learning_iOS" */;
			compatibilityVersion = "Xcode 14.0";
			developmentRegion = en;
			hasScannedForEncodings = 0;
			knownRegions = (
				en,
				Base,
			);
			mainGroup = 2913B9CD2AC8473F00D5D098;
			packageReferences = (
				290B93762B09ACAA00140913 /* XCRemoteSwiftPackageReference "Alamofire" */,
			);
			productRefGroup = 2913B9D72AC8473F00D5D098 /* Products */;
			projectDirPath = "";
			projectRoot = "";
			targets = (
				2913B9D52AC8473F00D5D098 /* Learning_iOS */,
				2913B9E52AC8474200D5D098 /* Learning_iOSTests */,
				2913B9EF2AC8474200D5D098 /* Learning_iOSUITests */,
			);
		};
/* End PBXProject section */

/* Begin PBXResourcesBuildPhase section */
		2913B9D42AC8473F00D5D098 /* Resources */ = {
			isa = PBXResourcesBuildPhase;
			buildActionMask = 2147483647;
			files = (
				2913B9E12AC8474200D5D098 /* Preview Assets.xcassets in Resources */,
				2913B9DE2AC8474200D5D098 /* Assets.xcassets in Resources */,
			);
			runOnlyForDeploymentPostprocessing = 0;
		};
		2913B9E42AC8474200D5D098 /* Resources */ = {
			isa = PBXResourcesBuildPhase;
			buildActionMask = 2147483647;
			files = (
			);
			runOnlyForDeploymentPostprocessing = 0;
		};
		2913B9EE2AC8474200D5D098 /* Resources */ = {
			isa = PBXResourcesBuildPhase;
			buildActionMask = 2147483647;
			files = (
			);
			runOnlyForDeploymentPostprocessing = 0;
		};
/* End PBXResourcesBuildPhase section */

/* Begin PBXSourcesBuildPhase section */
		2913B9D22AC8473F00D5D098 /* Sources */ = {
			isa = PBXSourcesBuildPhase;
			buildActionMask = 2147483647;
			files = (
				2913B9DC2AC8473F00D5D098 /* ContentView.swift in Sources */,
				290B93752B0910E900140913 /* LoginView.swift in Sources */,
				290B93812B0A237D00140913 /* LoginResponse.swift in Sources */,
				2913B9DA2AC8473F00D5D098 /* Learning_iOSApp.swift in Sources */,
				290B937E2B09AF2A00140913 /* LoginRequest.swift in Sources */,
				2913BA042AC9979300D5D098 /* ListView.swift in Sources */,
				290B93832B0A26D300140913 /* LoginViewModel.swift in Sources */,
				290B93892B0B848D00140913 /* Constants.swift in Sources */,
			);
			runOnlyForDeploymentPostprocessing = 0;
		};
		2913B9E22AC8474200D5D098 /* Sources */ = {
			isa = PBXSourcesBuildPhase;
			buildActionMask = 2147483647;
			files = (
				2913B9EB2AC8474200D5D098 /* Learning_iOSTests.swift in Sources */,
			);
			runOnlyForDeploymentPostprocessing = 0;
		};
		2913B9EC2AC8474200D5D098 /* Sources */ = {
			isa = PBXSourcesBuildPhase;
			buildActionMask = 2147483647;
			files = (
				2913B9F72AC8474200D5D098 /* Learning_iOSUITestsLaunchTests.swift in Sources */,
				2913B9F52AC8474200D5D098 /* Learning_iOSUITests.swift in Sources */,
			);
			runOnlyForDeploymentPostprocessing = 0;
		};
/* End PBXSourcesBuildPhase section */

/* Begin PBXTargetDependency section */
		2913B9E82AC8474200D5D098 /* PBXTargetDependency */ = {
			isa = PBXTargetDependency;
			target = 2913B9D52AC8473F00D5D098 /* Learning_iOS */;
			targetProxy = 2913B9E72AC8474200D5D098 /* PBXContainerItemProxy */;
		};
		2913B9F22AC8474200D5D098 /* PBXTargetDependency */ = {
			isa = PBXTargetDependency;
			target = 2913B9D52AC8473F00D5D098 /* Learning_iOS */;
			targetProxy = 2913B9F12AC8474200D5D098 /* PBXContainerItemProxy */;
		};
/* End PBXTargetDependency section */

/* Begin XCBuildConfiguration section */
		2913B9F82AC8474200D5D098 /* Debug */ = {
			isa = XCBuildConfiguration;
			buildSettings = {
				ALWAYS_SEARCH_USER_PATHS = NO;
				ASSETCATALOG_COMPILER_GENERATE_SWIFT_ASSET_SYMBOL_EXTENSIONS = YES;
				CLANG_ANALYZER_NONNULL = YES;
				CLANG_ANALYZER_NUMBER_OBJECT_CONVERSION = YES_AGGRESSIVE;
				CLANG_CXX_LANGUAGE_STANDARD = "gnu++20";
				CLANG_ENABLE_MODULES = YES;
				CLANG_ENABLE_OBJC_ARC = YES;
				CLANG_ENABLE_OBJC_WEAK = YES;
				CLANG_WARN_BLOCK_CAPTURE_AUTORELEASING = YES;
				CLANG_WARN_BOOL_CONVERSION = YES;
				CLANG_WARN_COMMA = YES;
				CLANG_WARN_CONSTANT_CONVERSION = YES;
				CLANG_WARN_DEPRECATED_OBJC_IMPLEMENTATIONS = YES;
				CLANG_WARN_DIRECT_OBJC_ISA_USAGE = YES_ERROR;
				CLANG_WARN_DOCUMENTATION_COMMENTS = YES;
				CLANG_WARN_EMPTY_BODY = YES;
				CLANG_WARN_ENUM_CONVERSION = YES;
				CLANG_WARN_INFINITE_RECURSION = YES;
				CLANG_WARN_INT_CONVERSION = YES;
				CLANG_WARN_NON_LITERAL_NULL_CONVERSION = YES;
				CLANG_WARN_OBJC_IMPLICIT_RETAIN_SELF = YES;
				CLANG_WARN_OBJC_LITERAL_CONVERSION = YES;
				CLANG_WARN_OBJC_ROOT_CLASS = YES_ERROR;
				CLANG_WARN_QUOTED_INCLUDE_IN_FRAMEWORK_HEADER = YES;
				CLANG_WARN_RANGE_LOOP_ANALYSIS = YES;
				CLANG_WARN_STRICT_PROTOTYPES = YES;
				CLANG_WARN_SUSPICIOUS_MOVE = YES;
				CLANG_WARN_UNGUARDED_AVAILABILITY = YES_AGGRESSIVE;
				CLANG_WARN_UNREACHABLE_CODE = YES;
				CLANG_WARN__DUPLICATE_METHOD_MATCH = YES;
				COPY_PHASE_STRIP = NO;
				DEBUG_INFORMATION_FORMAT = dwarf;
				ENABLE_STRICT_OBJC_MSGSEND = YES;
				ENABLE_TESTABILITY = YES;
				ENABLE_USER_SCRIPT_SANDBOXING = YES;
				GCC_C_LANGUAGE_STANDARD = gnu17;
				GCC_DYNAMIC_NO_PIC = NO;
				GCC_NO_COMMON_BLOCKS = YES;
				GCC_OPTIMIZATION_LEVEL = 0;
				GCC_PREPROCESSOR_DEFINITIONS = (
					"DEBUG=1",
					"$(inherited)",
				);
				GCC_WARN_64_TO_32_BIT_CONVERSION = YES;
				GCC_WARN_ABOUT_RETURN_TYPE = YES_ERROR;
				GCC_WARN_UNDECLARED_SELECTOR = YES;
				GCC_WARN_UNINITIALIZED_AUTOS = YES_AGGRESSIVE;
				GCC_WARN_UNUSED_FUNCTION = YES;
				GCC_WARN_UNUSED_VARIABLE = YES;
				IPHONEOS_DEPLOYMENT_TARGET = 17.0;
				LOCALIZATION_PREFERS_STRING_CATALOGS = YES;
				MTL_ENABLE_DEBUG_INFO = INCLUDE_SOURCE;
				MTL_FAST_MATH = YES;
				ONLY_ACTIVE_ARCH = YES;
				SDKROOT = iphoneos;
				SWIFT_ACTIVE_COMPILATION_CONDITIONS = "DEBUG $(inherited)";
				SWIFT_OPTIMIZATION_LEVEL = "-Onone";
			};
			name = Debug;
		};
		2913B9F92AC8474200D5D098 /* Release */ = {
			isa = XCBuildConfiguration;
			buildSettings = {
				ALWAYS_SEARCH_USER_PATHS = NO;
				ASSETCATALOG_COMPILER_GENERATE_SWIFT_ASSET_SYMBOL_EXTENSIONS = YES;
				CLANG_ANALYZER_NONNULL = YES;
				CLANG_ANALYZER_NUMBER_OBJECT_CONVERSION = YES_AGGRESSIVE;
				CLANG_CXX_LANGUAGE_STANDARD = "gnu++20";
				CLANG_ENABLE_MODULES = YES;
				CLANG_ENABLE_OBJC_ARC = YES;
				CLANG_ENABLE_OBJC_WEAK = YES;
				CLANG_WARN_BLOCK_CAPTURE_AUTORELEASING = YES;
				CLANG_WARN_BOOL_CONVERSION = YES;
				CLANG_WARN_COMMA = YES;
				CLANG_WARN_CONSTANT_CONVERSION = YES;
				CLANG_WARN_DEPRECATED_OBJC_IMPLEMENTATIONS = YES;
				CLANG_WARN_DIRECT_OBJC_ISA_USAGE = YES_ERROR;
				CLANG_WARN_DOCUMENTATION_COMMENTS = YES;
				CLANG_WARN_EMPTY_BODY = YES;
				CLANG_WARN_ENUM_CONVERSION = YES;
				CLANG_WARN_INFINITE_RECURSION = YES;
				CLANG_WARN_INT_CONVERSION = YES;
				CLANG_WARN_NON_LITERAL_NULL_CONVERSION = YES;
				CLANG_WARN_OBJC_IMPLICIT_RETAIN_SELF = YES;
				CLANG_WARN_OBJC_LITERAL_CONVERSION = YES;
				CLANG_WARN_OBJC_ROOT_CLASS = YES_ERROR;
				CLANG_WARN_QUOTED_INCLUDE_IN_FRAMEWORK_HEADER = YES;
				CLANG_WARN_RANGE_LOOP_ANALYSIS = YES;
				CLANG_WARN_STRICT_PROTOTYPES = YES;
				CLANG_WARN_SUSPICIOUS_MOVE = YES;
				CLANG_WARN_UNGUARDED_AVAILABILITY = YES_AGGRESSIVE;
				CLANG_WARN_UNREACHABLE_CODE = YES;
				CLANG_WARN__DUPLICATE_METHOD_MATCH = YES;
				COPY_PHASE_STRIP = NO;
				DEBUG_INFORMATION_FORMAT = "dwarf-with-dsym";
				ENABLE_NS_ASSERTIONS = NO;
				ENABLE_STRICT_OBJC_MSGSEND = YES;
				ENABLE_USER_SCRIPT_SANDBOXING = YES;
				GCC_C_LANGUAGE_STANDARD = gnu17;
				GCC_NO_COMMON_BLOCKS = YES;
				GCC_WARN_64_TO_32_BIT_CONVERSION = YES;
				GCC_WARN_ABOUT_RETURN_TYPE = YES_ERROR;
				GCC_WARN_UNDECLARED_SELECTOR = YES;
				GCC_WARN_UNINITIALIZED_AUTOS = YES_AGGRESSIVE;
				GCC_WARN_UNUSED_FUNCTION = YES;
				GCC_WARN_UNUSED_VARIABLE = YES;
				IPHONEOS_DEPLOYMENT_TARGET = 17.0;
				LOCALIZATION_PREFERS_STRING_CATALOGS = YES;
				MTL_ENABLE_DEBUG_INFO = NO;
				MTL_FAST_MATH = YES;
				SDKROOT = iphoneos;
				SWIFT_COMPILATION_MODE = wholemodule;
				VALIDATE_PRODUCT = YES;
			};
			name = Release;
		};
		2913B9FB2AC8474200D5D098 /* Debug */ = {
			isa = XCBuildConfiguration;
			buildSettings = {
				ASSETCATALOG_COMPILER_APPICON_NAME = AppIcon;
				ASSETCATALOG_COMPILER_GLOBAL_ACCENT_COLOR_NAME = AccentColor;
				CODE_SIGN_STYLE = Automatic;
				CURRENT_PROJECT_VERSION = 1;
				DEVELOPMENT_ASSET_PATHS = "\"Learning_iOS/Preview Content\"";
				ENABLE_PREVIEWS = YES;
				GENERATE_INFOPLIST_FILE = YES;
				INFOPLIST_FILE = "Learning-iOS-Info.plist";
				INFOPLIST_KEY_UIApplicationSupportsIndirectInputEvents = YES;
				INFOPLIST_KEY_UILaunchScreen_Generation = YES;
				INFOPLIST_KEY_UISupportedInterfaceOrientations_iPad = "UIInterfaceOrientationPortrait UIInterfaceOrientationPortraitUpsideDown UIInterfaceOrientationLandscapeLeft UIInterfaceOrientationLandscapeRight";
				INFOPLIST_KEY_UISupportedInterfaceOrientations_iPhone = "UIInterfaceOrientationPortrait UIInterfaceOrientationLandscapeLeft UIInterfaceOrientationLandscapeRight";
				LD_RUNPATH_SEARCH_PATHS = (
					"$(inherited)",
					"@executable_path/Frameworks",
				);
				MARKETING_VERSION = 1.0;
				PRODUCT_BUNDLE_IDENTIFIER = "com.stev3j.Learning-iOS";
				PRODUCT_NAME = "$(TARGET_NAME)";
				SWIFT_EMIT_LOC_STRINGS = YES;
				SWIFT_VERSION = 5.0;
				TARGETED_DEVICE_FAMILY = "1,2";
			};
			name = Debug;
		};
		2913B9FC2AC8474200D5D098 /* Release */ = {
			isa = XCBuildConfiguration;
			buildSettings = {
				ASSETCATALOG_COMPILER_APPICON_NAME = AppIcon;
				ASSETCATALOG_COMPILER_GLOBAL_ACCENT_COLOR_NAME = AccentColor;
				CODE_SIGN_STYLE = Automatic;
				CURRENT_PROJECT_VERSION = 1;
				DEVELOPMENT_ASSET_PATHS = "\"Learning_iOS/Preview Content\"";
				ENABLE_PREVIEWS = YES;
				GENERATE_INFOPLIST_FILE = YES;
				INFOPLIST_FILE = "Learning-iOS-Info.plist";
				INFOPLIST_KEY_UIApplicationSupportsIndirectInputEvents = YES;
				INFOPLIST_KEY_UILaunchScreen_Generation = YES;
				INFOPLIST_KEY_UISupportedInterfaceOrientations_iPad = "UIInterfaceOrientationPortrait UIInterfaceOrientationPortraitUpsideDown UIInterfaceOrientationLandscapeLeft UIInterfaceOrientationLandscapeRight";
				INFOPLIST_KEY_UISupportedInterfaceOrientations_iPhone = "UIInterfaceOrientationPortrait UIInterfaceOrientationLandscapeLeft UIInterfaceOrientationLandscapeRight";
				LD_RUNPATH_SEARCH_PATHS = (
					"$(inherited)",
					"@executable_path/Frameworks",
				);
				MARKETING_VERSION = 1.0;
				PRODUCT_BUNDLE_IDENTIFIER = "com.stev3j.Learning-iOS";
				PRODUCT_NAME = "$(TARGET_NAME)";
				SWIFT_EMIT_LOC_STRINGS = YES;
				SWIFT_VERSION = 5.0;
				TARGETED_DEVICE_FAMILY = "1,2";
			};
			name = Release;
		};
		2913B9FE2AC8474200D5D098 /* Debug */ = {
			isa = XCBuildConfiguration;
			buildSettings = {
				ALWAYS_EMBED_SWIFT_STANDARD_LIBRARIES = YES;
				BUNDLE_LOADER = "$(TEST_HOST)";
				CODE_SIGN_STYLE = Automatic;
				CURRENT_PROJECT_VERSION = 1;
				GENERATE_INFOPLIST_FILE = YES;
				IPHONEOS_DEPLOYMENT_TARGET = 17.0;
				MARKETING_VERSION = 1.0;
				PRODUCT_BUNDLE_IDENTIFIER = "com.stev3j.Learning-iOSTests";
				PRODUCT_NAME = "$(TARGET_NAME)";
				SWIFT_EMIT_LOC_STRINGS = NO;
				SWIFT_VERSION = 5.0;
				TARGETED_DEVICE_FAMILY = "1,2";
				TEST_HOST = "$(BUILT_PRODUCTS_DIR)/Learning_iOS.app/$(BUNDLE_EXECUTABLE_FOLDER_PATH)/Learning_iOS";
			};
			name = Debug;
		};
		2913B9FF2AC8474200D5D098 /* Release */ = {
			isa = XCBuildConfiguration;
			buildSettings = {
				ALWAYS_EMBED_SWIFT_STANDARD_LIBRARIES = YES;
				BUNDLE_LOADER = "$(TEST_HOST)";
				CODE_SIGN_STYLE = Automatic;
				CURRENT_PROJECT_VERSION = 1;
				GENERATE_INFOPLIST_FILE = YES;
				IPHONEOS_DEPLOYMENT_TARGET = 17.0;
				MARKETING_VERSION = 1.0;
				PRODUCT_BUNDLE_IDENTIFIER = "com.stev3j.Learning-iOSTests";
				PRODUCT_NAME = "$(TARGET_NAME)";
				SWIFT_EMIT_LOC_STRINGS = NO;
				SWIFT_VERSION = 5.0;
				TARGETED_DEVICE_FAMILY = "1,2";
				TEST_HOST = "$(BUILT_PRODUCTS_DIR)/Learning_iOS.app/$(BUNDLE_EXECUTABLE_FOLDER_PATH)/Learning_iOS";
			};
			name = Release;
		};
		2913BA012AC8474200D5D098 /* Debug */ = {
			isa = XCBuildConfiguration;
			buildSettings = {
				ALWAYS_EMBED_SWIFT_STANDARD_LIBRARIES = YES;
				CODE_SIGN_STYLE = Automatic;
				CURRENT_PROJECT_VERSION = 1;
				GENERATE_INFOPLIST_FILE = YES;
				MARKETING_VERSION = 1.0;
				PRODUCT_BUNDLE_IDENTIFIER = "com.stev3j.Learning-iOSUITests";
				PRODUCT_NAME = "$(TARGET_NAME)";
				SWIFT_EMIT_LOC_STRINGS = NO;
				SWIFT_VERSION = 5.0;
				TARGETED_DEVICE_FAMILY = "1,2";
				TEST_TARGET_NAME = Learning_iOS;
			};
			name = Debug;
		};
		2913BA022AC8474200D5D098 /* Release */ = {
			isa = XCBuildConfiguration;
			buildSettings = {
				ALWAYS_EMBED_SWIFT_STANDARD_LIBRARIES = YES;
				CODE_SIGN_STYLE = Automatic;
				CURRENT_PROJECT_VERSION = 1;
				GENERATE_INFOPLIST_FILE = YES;
				MARKETING_VERSION = 1.0;
				PRODUCT_BUNDLE_IDENTIFIER = "com.stev3j.Learning-iOSUITests";
				PRODUCT_NAME = "$(TARGET_NAME)";
				SWIFT_EMIT_LOC_STRINGS = NO;
				SWIFT_VERSION = 5.0;
				TARGETED_DEVICE_FAMILY = "1,2";
				TEST_TARGET_NAME = Learning_iOS;
			};
			name = Release;
		};
/* End XCBuildConfiguration section */

/* Begin XCConfigurationList section */
		2913B9D12AC8473F00D5D098 /* Build configuration list for PBXProject "Learning_iOS" */ = {
			isa = XCConfigurationList;
			buildConfigurations = (
				2913B9F82AC8474200D5D098 /* Debug */,
				2913B9F92AC8474200D5D098 /* Release */,
			);
			defaultConfigurationIsVisible = 0;
			defaultConfigurationName = Release;
		};
		2913B9FA2AC8474200D5D098 /* Build configuration list for PBXNativeTarget "Learning_iOS" */ = {
			isa = XCConfigurationList;
			buildConfigurations = (
				2913B9FB2AC8474200D5D098 /* Debug */,
				2913B9FC2AC8474200D5D098 /* Release */,
			);
			defaultConfigurationIsVisible = 0;
			defaultConfigurationName = Release;
		};
		2913B9FD2AC8474200D5D098 /* Build configuration list for PBXNativeTarget "Learning_iOSTests" */ = {
			isa = XCConfigurationList;
			buildConfigurations = (
				2913B9FE2AC8474200D5D098 /* Debug */,
				2913B9FF2AC8474200D5D098 /* Release */,
			);
			defaultConfigurationIsVisible = 0;
			defaultConfigurationName = Release;
		};
		2913BA002AC8474200D5D098 /* Build configuration list for PBXNativeTarget "Learning_iOSUITests" */ = {
			isa = XCConfigurationList;
			buildConfigurations = (
				2913BA012AC8474200D5D098 /* Debug */,
				2913BA022AC8474200D5D098 /* Release */,
			);
			defaultConfigurationIsVisible = 0;
			defaultConfigurationName = Release;
		};
/* End XCConfigurationList section */

/* Begin XCRemoteSwiftPackageReference section */
		290B93762B09ACAA00140913 /* XCRemoteSwiftPackageReference "Alamofire" */ = {
			isa = XCRemoteSwiftPackageReference;
			repositoryURL = "https://github.com/Alamofire/Alamofire.git";
			requirement = {
				kind = upToNextMajorVersion;
				minimumVersion = 5.8.1;
			};
		};
/* End XCRemoteSwiftPackageReference section */

/* Begin XCSwiftPackageProductDependency section */
		290B93772B09ACAA00140913 /* Alamofire */ = {
			isa = XCSwiftPackageProductDependency;
			package = 290B93762B09ACAA00140913 /* XCRemoteSwiftPackageReference "Alamofire" */;
			productName = Alamofire;
		};
/* End XCSwiftPackageProductDependency section */
	};
	rootObject = 2913B9CE2AC8473F00D5D098 /* Project object */;
}
